
Microsoft Visual Studio Solution File, Format Version 12.00
# Visual Studio 15
VisualStudioVersion = 15.0.26430.12
MinimumVisualStudioVersion = 10.0.40219.1
Project("{FAE04EC0-301F-11D3-BF4B-00C04F79EFBC}") = "OwaspZapSecurityTesting.Web", "OwaspZapSecurityTesting.Web\OwaspZapSecurityTesting.Web.csproj", "{F1694B4D-BEFC-44B7-9E15-85686F1E99ED}"
EndProject
Project("{FAE04EC0-301F-11D3-BF4B-00C04F79EFBC}") = "OwaspZapSecurityTesting.Tests", "OwaspZapSecurityTesting.Tests\OwaspZapSecurityTesting.Tests.csproj", "{FC003F9A-47DA-4CA0-AC6F-5F0387EE7ACF}"
EndProject
Global
	GlobalSection(SolutionConfigurationPlatforms) = preSolution
		Debug|Any CPU = Debug|Any CPU
		Release|Any CPU = Release|Any CPU
	EndGlobalSection
	GlobalSection(ProjectConfigurationPlatforms) = postSolution
		{F1694B4D-BEFC-44B7-9E15-85686F1E99ED}.Debug|Any CPU.ActiveCfg = Debug|Any CPU
		{F1694B4D-BEFC-44B7-9E15-85686F1E99ED}.Debug|Any CPU.Build.0 = Debug|Any CPU
		{F1694B4D-BEFC-44B7-9E15-85686F1E99ED}.Release|Any CPU.ActiveCfg = Release|Any CPU
		{F1694B4D-BEFC-44B7-9E15-85686F1E99ED}.Release|Any CPU.Build.0 = Release|Any CPU
		{FC003F9A-47DA-4CA0-AC6F-5F0387EE7ACF}.Debug|Any CPU.ActiveCfg = Debug|Any CPU
		{FC003F9A-47DA-4CA0-AC6F-5F0387EE7ACF}.Debug|Any CPU.Build.0 = Debug|Any CPU
		{FC003F9A-47DA-4CA0-AC6F-5F0387EE7ACF}.Release|Any CPU.ActiveCfg = Release|Any CPU
		{FC003F9A-47DA-4CA0-AC6F-5F0387EE7ACF}.Release|Any CPU.Build.0 = Release|Any CPU
	EndGlobalSection
	GlobalSection(SolutionProperties) = preSolution
		HideSolutionNode = FALSE
	EndGlobalSection
EndGlobal
